
Microsoft Visual Studio Solution File, Format Version 12.00
# Visual Studio Version 17
VisualStudioVersion = 17.7.34031.279
MinimumVisualStudioVersion = 10.0.40219.1
Project("{FAE04EC0-301F-11D3-BF4B-00C04F79EFBC}") = "RetrieveStudData", "RetrieveStudData\RetrieveStudData.csproj", "{86BA0579-EE01-4897-8788-569D32049809}"
EndProject
Global
	GlobalSection(SolutionConfigurationPlatforms) = preSolution
		Debug|Any CPU = Debug|Any CPU
		Release|Any CPU = Release|Any CPU
	EndGlobalSection
	GlobalSection(ProjectConfigurationPlatforms) = postSolution
		{86BA0579-EE01-4897-8788-569D32049809}.Debug|Any CPU.ActiveCfg = Debug|Any CPU
		{86BA0579-EE01-4897-8788-569D32049809}.Debug|Any CPU.Build.0 = Debug|Any CPU
		{86BA0579-EE01-4897-8788-569D32049809}.Release|Any CPU.ActiveCfg = Release|Any CPU
		{86BA0579-EE01-4897-8788-569D32049809}.Release|Any CPU.Build.0 = Release|Any CPU
	EndGlobalSection
	GlobalSection(SolutionProperties) = preSolution
		HideSolutionNode = FALSE
	EndGlobalSection
	GlobalSection(ExtensibilityGlobals) = postSolution
		SolutionGuid = {39F0801E-131F-411B-B0A2-C03548CA0E8C}
	EndGlobalSection
EndGlobal
